
Microsoft Visual Studio Solution File, Format Version 12.00
# Visual Studio 15
VisualStudioVersion = 15.0.26730.8
MinimumVisualStudioVersion = 10.0.40219.1
Project("{FAE04EC0-301F-11D3-BF4B-00C04F79EFBC}") = "DemoVS", "DemoVS\DemoVS.csproj", "{921B1DE1-0552-4C87-9CD2-A2D21059E87E}"
EndProject
Global
	GlobalSection(SolutionConfigurationPlatforms) = preSolution
		Debug|Any CPU = Debug|Any CPU
		Release|Any CPU = Release|Any CPU
	EndGlobalSection
	GlobalSection(ProjectConfigurationPlatforms) = postSolution
		{921B1DE1-0552-4C87-9CD2-A2D21059E87E}.Debug|Any CPU.ActiveCfg = Debug|Any CPU
		{921B1DE1-0552-4C87-9CD2-A2D21059E87E}.Debug|Any CPU.Build.0 = Debug|Any CPU
		{921B1DE1-0552-4C87-9CD2-A2D21059E87E}.Release|Any CPU.ActiveCfg = Release|Any CPU
		{921B1DE1-0552-4C87-9CD2-A2D21059E87E}.Release|Any CPU.Build.0 = Release|Any CPU
	EndGlobalSection
	GlobalSection(SolutionProperties) = preSolution
		HideSolutionNode = FALSE
	EndGlobalSection
	GlobalSection(ExtensibilityGlobals) = postSolution
		SolutionGuid = {A8EAE6DD-E7AB-4DE1-B03E-485929E3C1A9}
	EndGlobalSection
EndGlobal
