
Microsoft Visual Studio Solution File, Format Version 12.00
# Visual Studio 15
VisualStudioVersion = 15.0.26730.8
MinimumVisualStudioVersion = 10.0.40219.1
Project("{FAE04EC0-301F-11D3-BF4B-00C04F79EFBC}") = "WebClient", "WebClient\WebClient.csproj", "{5A8AC5D3-A76B-4EE4-B694-FA5C04AD5634}"
	ProjectSection(ProjectDependencies) = postProject
		{2099CE3A-B595-4FAD-B186-5B783042FDA7} = {2099CE3A-B595-4FAD-B186-5B783042FDA7}
	EndProjectSection
EndProject
Project("{FAE04EC0-301F-11D3-BF4B-00C04F79EFBC}") = "TestServiceT", "TestServiceT\TestServiceT.csproj", "{2099CE3A-B595-4FAD-B186-5B783042FDA7}"
EndProject
Global
	GlobalSection(SolutionConfigurationPlatforms) = preSolution
		Debug|Any CPU = Debug|Any CPU
		Release|Any CPU = Release|Any CPU
	EndGlobalSection
	GlobalSection(ProjectConfigurationPlatforms) = postSolution
		{5A8AC5D3-A76B-4EE4-B694-FA5C04AD5634}.Debug|Any CPU.ActiveCfg = Debug|Any CPU
		{5A8AC5D3-A76B-4EE4-B694-FA5C04AD5634}.Debug|Any CPU.Build.0 = Debug|Any CPU
		{5A8AC5D3-A76B-4EE4-B694-FA5C04AD5634}.Release|Any CPU.ActiveCfg = Release|Any CPU
		{5A8AC5D3-A76B-4EE4-B694-FA5C04AD5634}.Release|Any CPU.Build.0 = Release|Any CPU
		{2099CE3A-B595-4FAD-B186-5B783042FDA7}.Debug|Any CPU.ActiveCfg = Debug|Any CPU
		{2099CE3A-B595-4FAD-B186-5B783042FDA7}.Debug|Any CPU.Build.0 = Debug|Any CPU
		{2099CE3A-B595-4FAD-B186-5B783042FDA7}.Release|Any CPU.ActiveCfg = Release|Any CPU
		{2099CE3A-B595-4FAD-B186-5B783042FDA7}.Release|Any CPU.Build.0 = Release|Any CPU
	EndGlobalSection
	GlobalSection(SolutionProperties) = preSolution
		HideSolutionNode = FALSE
	EndGlobalSection
	GlobalSection(ExtensibilityGlobals) = postSolution
		SolutionGuid = {BE309ADB-10B0-4100-8FE7-4B518B5FDF6F}
	EndGlobalSection
EndGlobal
